// !$*UTF8*$!
{
	archiveVersion = 1;
	classes = {
	};
	objectVersion = 46;
	objects = {

/* Begin PBXBuildFile section */
		9024B06D19460C610005EA0A /* Foundation.framework in Frameworks */ = {isa = PBXBuildFile; fileRef = 9024B06C19460C610005EA0A /* Foundation.framework */; };
		9024B06F19460C610005EA0A /* CoreGraphics.framework in Frameworks */ = {isa = PBXBuildFile; fileRef = 9024B06E19460C610005EA0A /* CoreGraphics.framework */; };
		9024B07119460C610005EA0A /* UIKit.framework in Frameworks */ = {isa = PBXBuildFile; fileRef = 9024B07019460C610005EA0A /* UIKit.framework */; };
		9024B07719460C610005EA0A /* InfoPlist.strings in Resources */ = {isa = PBXBuildFile; fileRef = 9024B07519460C610005EA0A /* InfoPlist.strings */; };
		9024B07919460C610005EA0A /* main.m in Sources */ = {isa = PBXBuildFile; fileRef = 9024B07819460C610005EA0A /* main.m */; };
		9024B07D19460C610005EA0A /* CCAppDelegate.m in Sources */ = {isa = PBXBuildFile; fileRef = 9024B07C19460C610005EA0A /* CCAppDelegate.m */; };
		9024B08019460C610005EA0A /* Main.storyboard in Resources */ = {isa = PBXBuildFile; fileRef = 9024B07E19460C610005EA0A /* Main.storyboard */; };
		9024B08319460C610005EA0A /* CCViewController.m in Sources */ = {isa = PBXBuildFile; fileRef = 9024B08219460C610005EA0A /* CCViewController.m */; };
		9024B08519460C610005EA0A /* Images.xcassets in Resources */ = {isa = PBXBuildFile; fileRef = 9024B08419460C610005EA0A /* Images.xcassets */; };
		9024B08C19460C610005EA0A /* XCTest.framework in Frameworks */ = {isa = PBXBuildFile; fileRef = 9024B08B19460C610005EA0A /* XCTest.framework */; };
		9024B08D19460C610005EA0A /* Foundation.framework in Frameworks */ = {isa = PBXBuildFile; fileRef = 9024B06C19460C610005EA0A /* Foundation.framework */; };
		9024B08E19460C610005EA0A /* UIKit.framework in Frameworks */ = {isa = PBXBuildFile; fileRef = 9024B07019460C610005EA0A /* UIKit.framework */; };
		9024B09619460C610005EA0A /* InfoPlist.strings in Resources */ = {isa = PBXBuildFile; fileRef = 9024B09419460C610005EA0A /* InfoPlist.strings */; };
		9024B09819460C610005EA0A /* Age_of_LaikaTests.m in Sources */ = {isa = PBXBuildFile; fileRef = 9024B09719460C610005EA0A /* Age_of_LaikaTests.m */; };
		9024B0A219460DCD0005EA0A /* Laika.jpg in Resources */ = {isa = PBXBuildFile; fileRef = 9024B0A119460DCD0005EA0A /* Laika.jpg */; };
/* End PBXBuildFile section */

/* Begin PBXContainerItemProxy section */
		9024B08F19460C610005EA0A /* PBXContainerItemProxy */ = {
			isa = PBXContainerItemProxy;
			containerPortal = 9024B06119460C610005EA0A /* Project object */;
			proxyType = 1;
			remoteGlobalIDString = 9024B06819460C610005EA0A;
			remoteInfo = "Age of Laika";
		};
/* End PBXContainerItemProxy section */

/* Begin PBXFileReference section */
		9024B06919460C610005EA0A /* Age of Laika.app */ = {isa = PBXFileReference; explicitFileType = wrapper.application; includeInIndex = 0; path = "Age of Laika.app"; sourceTree = BUILT_PRODUCTS_DIR; };
		9024B06C19460C610005EA0A /* Foundation.framework */ = {isa = PBXFileReference; lastKnownFileType = wrapper.framework; name = Foundation.framework; path = System/Library/Frameworks/Foundation.framework; sourceTree = SDKROOT; };
		9024B06E19460C610005EA0A /* CoreGraphics.framework */ = {isa = PBXFileReference; lastKnownFileType = wrapper.framework; name = CoreGraphics.framework; path = System/Library/Frameworks/CoreGraphics.framework; sourceTree = SDKROOT; };
		9024B07019460C610005EA0A /* UIKit.framework */ = {isa = PBXFileReference; lastKnownFileType = wrapper.framework; name = UIKit.framework; path = System/Library/Frameworks/UIKit.framework; sourceTree = SDKROOT; };
		9024B07419460C610005EA0A /* Age of Laika-Info.plist */ = {isa = PBXFileReference; lastKnownFileType = text.plist.xml; path = "Age of Laika-Info.plist"; sourceTree = "<group>"; };
		9024B07619460C610005EA0A /* en */ = {isa = PBXFileReference; lastKnownFileType = text.plist.strings; name = en; path = en.lproj/InfoPlist.strings; sourceTree = "<group>"; };
		9024B07819460C610005EA0A /* main.m */ = {isa = PBXFileReference; lastKnownFileType = sourcecode.c.objc; path = main.m; sourceTree = "<group>"; };
		9024B07A19460C610005EA0A /* Age of Laika-Prefix.pch */ = {isa = PBXFileReference; lastKnownFileType = sourcecode.c.h; path = "Age of Laika-Prefix.pch"; sourceTree = "<group>"; };
		9024B07B19460C610005EA0A /* CCAppDelegate.h */ = {isa = PBXFileReference; lastKnownFileType = sourcecode.c.h; path = CCAppDelegate.h; sourceTree = "<group>"; };
		9024B07C19460C610005EA0A /* CCAppDelegate.m */ = {isa = PBXFileReference; lastKnownFileType = sourcecode.c.objc; path = CCAppDelegate.m; sourceTree = "<group>"; };
		9024B07F19460C610005EA0A /* Base */ = {isa = PBXFileReference; lastKnownFileType = file.storyboard; name = Base; path = Base.lproj/Main.storyboard; sourceTree = "<group>"; };
		9024B08119460C610005EA0A /* CCViewController.h */ = {isa = PBXFileReference; lastKnownFileType = sourcecode.c.h; path = CCViewController.h; sourceTree = "<group>"; };
		9024B08219460C610005EA0A /* CCViewController.m */ = {isa = PBXFileReference; lastKnownFileType = sourcecode.c.objc; path = CCViewController.m; sourceTree = "<group>"; };
		9024B08419460C610005EA0A /* Images.xcassets */ = {isa = PBXFileReference; lastKnownFileType = folder.assetcatalog; path = Images.xcassets; sourceTree = "<group>"; };
		9024B08A19460C610005EA0A /* Age of LaikaTests.xctest */ = {isa = PBXFileReference; explicitFileType = wrapper.cfbundle; includeInIndex = 0; path = "Age of LaikaTests.xctest"; sourceTree = BUILT_PRODUCTS_DIR; };
		9024B08B19460C610005EA0A /* XCTest.framework */ = {isa = PBXFileReference; lastKnownFileType = wrapper.framework; name = XCTest.framework; path = Library/Frameworks/XCTest.framework; sourceTree = DEVELOPER_DIR; };
		9024B09319460C610005EA0A /* Age of LaikaTests-Info.plist */ = {isa = PBXFileReference; lastKnownFileType = text.plist.xml; path = "Age of LaikaTests-Info.plist"; sourceTree = "<group>"; };
		9024B09519460C610005EA0A /* en */ = {isa = PBXFileReference; lastKnownFileType = text.plist.strings; name = en; path = en.lproj/InfoPlist.strings; sourceTree = "<group>"; };
		9024B09719460C610005EA0A /* Age_of_LaikaTests.m */ = {isa = PBXFileReference; lastKnownFileType = sourcecode.c.objc; path = Age_of_LaikaTests.m; sourceTree = "<group>"; };
		9024B0A119460DCD0005EA0A /* Laika.jpg */ = {isa = PBXFileReference; lastKnownFileType = image.jpeg; path = Laika.jpg; sourceTree = "<group>"; };
/* End PBXFileReference section */

/* Begin PBXFrameworksBuildPhase section */
		9024B06619460C610005EA0A /* Frameworks */ = {
			isa = PBXFrameworksBuildPhase;
			buildActionMask = 2147483647;
			files = (
				9024B06F19460C610005EA0A /* CoreGraphics.framework in Frameworks */,
				9024B07119460C610005EA0A /* UIKit.framework in Frameworks */,
				9024B06D19460C610005EA0A /* Foundation.framework in Frameworks */,
			);
			runOnlyForDeploymentPostprocessing = 0;
		};
		9024B08719460C610005EA0A /* Frameworks */ = {
			isa = PBXFrameworksBuildPhase;
			buildActionMask = 2147483647;
			files = (
				9024B08C19460C610005EA0A /* XCTest.framework in Frameworks */,
				9024B08E19460C610005EA0A /* UIKit.framework in Frameworks */,
				9024B08D19460C610005EA0A /* Foundation.framework in Frameworks */,
			);
			runOnlyForDeploymentPostprocessing = 0;
		};
/* End PBXFrameworksBuildPhase section */

/* Begin PBXGroup section */
		9024B06019460C610005EA0A = {
			isa = PBXGroup;
			children = (
				9024B07219460C610005EA0A /* Age of Laika */,
				9024B09119460C610005EA0A /* Age of LaikaTests */,
				9024B06B19460C610005EA0A /* Frameworks */,
				9024B06A19460C610005EA0A /* Products */,
			);
			sourceTree = "<group>";
		};
		9024B06A19460C610005EA0A /* Products */ = {
			isa = PBXGroup;
			children = (
				9024B06919460C610005EA0A /* Age of Laika.app */,
				9024B08A19460C610005EA0A /* Age of LaikaTests.xctest */,
			);
			name = Products;
			sourceTree = "<group>";
		};
		9024B06B19460C610005EA0A /* Frameworks */ = {
			isa = PBXGroup;
			children = (
				9024B06C19460C610005EA0A /* Foundation.framework */,
				9024B06E19460C610005EA0A /* CoreGraphics.framework */,
				9024B07019460C610005EA0A /* UIKit.framework */,
				9024B08B19460C610005EA0A /* XCTest.framework */,
			);
			name = Frameworks;
			sourceTree = "<group>";
		};
		9024B07219460C610005EA0A /* Age of Laika */ = {
			isa = PBXGroup;
			children = (
				9024B07B19460C610005EA0A /* CCAppDelegate.h */,
				9024B07C19460C610005EA0A /* CCAppDelegate.m */,
				9024B07E19460C610005EA0A /* Main.storyboard */,
				9024B08119460C610005EA0A /* CCViewController.h */,
				9024B08219460C610005EA0A /* CCViewController.m */,
				9024B08419460C610005EA0A /* Images.xcassets */,
				9024B07319460C610005EA0A /* Supporting Files */,
			);
			path = "Age of Laika";
			sourceTree = "<group>";
		};
		9024B07319460C610005EA0A /* Supporting Files */ = {
			isa = PBXGroup;
			children = (
				9024B0A119460DCD0005EA0A /* Laika.jpg */,
				9024B07419460C610005EA0A /* Age of Laika-Info.plist */,
				9024B07519460C610005EA0A /* InfoPlist.strings */,
				9024B07819460C610005EA0A /* main.m */,
				9024B07A19460C610005EA0A /* Age of Laika-Prefix.pch */,
			);
			name = "Supporting Files";
			sourceTree = "<group>";
		};
		9024B09119460C610005EA0A /* Age of LaikaTests */ = {
			isa = PBXGroup;
			children = (
				9024B09719460C610005EA0A /* Age_of_LaikaTests.m */,
				9024B09219460C610005EA0A /* Supporting Files */,
			);
			path = "Age of LaikaTests";
			sourceTree = "<group>";
		};
		9024B09219460C610005EA0A /* Supporting Files */ = {
			isa = PBXGroup;
			children = (
				9024B09319460C610005EA0A /* Age of LaikaTests-Info.plist */,
				9024B09419460C610005EA0A /* InfoPlist.strings */,
			);
			name = "Supporting Files";
			sourceTree = "<group>";
		};
/* End PBXGroup section */

/* Begin PBXNativeTarget section */
		9024B06819460C610005EA0A /* Age of Laika */ = {
			isa = PBXNativeTarget;
			buildConfigurationList = 9024B09B19460C610005EA0A /* Build configuration list for PBXNativeTarget "Age of Laika" */;
			buildPhases = (
				9024B06519460C610005EA0A /* Sources */,
				9024B06619460C610005EA0A /* Frameworks */,
				9024B06719460C610005EA0A /* Resources */,
			);
			buildRules = (
			);
			dependencies = (
			);
			name = "Age of Laika";
			productName = "Age of Laika";
			productReference = 9024B06919460C610005EA0A /* Age of Laika.app */;
			productType = "com.apple.product-type.application";
		};
		9024B08919460C610005EA0A /* Age of LaikaTests */ = {
			isa = PBXNativeTarget;
			buildConfigurationList = 9024B09E19460C610005EA0A /* Build configuration list for PBXNativeTarget "Age of LaikaTests" */;
			buildPhases = (
				9024B08619460C610005EA0A /* Sources */,
				9024B08719460C610005EA0A /* Frameworks */,
				9024B08819460C610005EA0A /* Resources */,
			);
			buildRules = (
			);
			dependencies = (
				9024B09019460C610005EA0A /* PBXTargetDependency */,
			);
			name = "Age of LaikaTests";
			productName = "Age of LaikaTests";
			productReference = 9024B08A19460C610005EA0A /* Age of LaikaTests.xctest */;
			productType = "com.apple.product-type.bundle.unit-test";
		};
/* End PBXNativeTarget section */

/* Begin PBXProject section */
		9024B06119460C610005EA0A /* Project object */ = {
			isa = PBXProject;
			attributes = {
				CLASSPREFIX = CC;
				LastUpgradeCheck = 0510;
				ORGANIZATIONNAME = "Kurt Walker";
				TargetAttributes = {
					9024B08919460C610005EA0A = {
						TestTargetID = 9024B06819460C610005EA0A;
					};
				};
			};
			buildConfigurationList = 9024B06419460C610005EA0A /* Build configuration list for PBXProject "Age of Laika" */;
			compatibilityVersion = "Xcode 3.2";
			developmentRegion = English;
			hasScannedForEncodings = 0;
			knownRegions = (
				en,
				Base,
			);
			mainGroup = 9024B06019460C610005EA0A;
			productRefGroup = 9024B06A19460C610005EA0A /* Products */;
			projectDirPath = "";
			projectRoot = "";
			targets = (
				9024B06819460C610005EA0A /* Age of Laika */,
				9024B08919460C610005EA0A /* Age of LaikaTests */,
			);
		};
/* End PBXProject section */

/* Begin PBXResourcesBuildPhase section */
		9024B06719460C610005EA0A /* Resources */ = {
			isa = PBXResourcesBuildPhase;
			buildActionMask = 2147483647;
			files = (
				9024B08519460C610005EA0A /* Images.xcassets in Resources */,
				9024B07719460C610005EA0A /* InfoPlist.strings in Resources */,
				9024B0A219460DCD0005EA0A /* Laika.jpg in Resources */,
				9024B08019460C610005EA0A /* Main.storyboard in Resources */,
			);
			runOnlyForDeploymentPostprocessing = 0;
		};
		9024B08819460C610005EA0A /* Resources */ = {
			isa = PBXResourcesBuildPhase;
			buildActionMask = 2147483647;
			files = (
				9024B09619460C610005EA0A /* InfoPlist.strings in Resources */,
			);
			runOnlyForDeploymentPostprocessing = 0;
		};
/* End PBXResourcesBuildPhase section */

/* Begin PBXSourcesBuildPhase section */
		9024B06519460C610005EA0A /* Sources */ = {
			isa = PBXSourcesBuildPhase;
			buildActionMask = 2147483647;
			files = (
				9024B07D19460C610005EA0A /* CCAppDelegate.m in Sources */,
				9024B07919460C610005EA0A /* main.m in Sources */,
				9024B08319460C610005EA0A /* CCViewController.m in Sources */,
			);
			runOnlyForDeploymentPostprocessing = 0;
		};
		9024B08619460C610005EA0A /* Sources */ = {
			isa = PBXSourcesBuildPhase;
			buildActionMask = 2147483647;
			files = (
				9024B09819460C610005EA0A /* Age_of_LaikaTests.m in Sources */,
			);
			runOnlyForDeploymentPostprocessing = 0;
		};
/* End PBXSourcesBuildPhase section */

/* Begin PBXTargetDependency section */
		9024B09019460C610005EA0A /* PBXTargetDependency */ = {
			isa = PBXTargetDependency;
			target = 9024B06819460C610005EA0A /* Age of Laika */;
			targetProxy = 9024B08F19460C610005EA0A /* PBXContainerItemProxy */;
		};
/* End PBXTargetDependency section */

/* Begin PBXVariantGroup section */
		9024B07519460C610005EA0A /* InfoPlist.strings */ = {
			isa = PBXVariantGroup;
			children = (
				9024B07619460C610005EA0A /* en */,
			);
			name = InfoPlist.strings;
			sourceTree = "<group>";
		};
		9024B07E19460C610005EA0A /* Main.storyboard */ = {
			isa = PBXVariantGroup;
			children = (
				9024B07F19460C610005EA0A /* Base */,
			);
			name = Main.storyboard;
			sourceTree = "<group>";
		};
		9024B09419460C610005EA0A /* InfoPlist.strings */ = {
			isa = PBXVariantGroup;
			children = (
				9024B09519460C610005EA0A /* en */,
			);
			name = InfoPlist.strings;
			sourceTree = "<group>";
		};
/* End PBXVariantGroup section */

/* Begin XCBuildConfiguration section */
		9024B09919460C610005EA0A /* Debug */ = {
			isa = XCBuildConfiguration;
			buildSettings = {
				ALWAYS_SEARCH_USER_PATHS = NO;
				CLANG_CXX_LANGUAGE_STANDARD = "gnu++0x";
				CLANG_CXX_LIBRARY = "libc++";
				CLANG_ENABLE_MODULES = YES;
				CLANG_ENABLE_OBJC_ARC = YES;
				CLANG_WARN_BOOL_CONVERSION = YES;
				CLANG_WARN_CONSTANT_CONVERSION = YES;
				CLANG_WARN_DIRECT_OBJC_ISA_USAGE = YES_ERROR;
				CLANG_WARN_EMPTY_BODY = YES;
				CLANG_WARN_ENUM_CONVERSION = YES;
				CLANG_WARN_INT_CONVERSION = YES;
				CLANG_WARN_OBJC_ROOT_CLASS = YES_ERROR;
				CLANG_WARN__DUPLICATE_METHOD_MATCH = YES;
				"CODE_SIGN_IDENTITY[sdk=iphoneos*]" = "iPhone Developer";
				COPY_PHASE_STRIP = NO;
				GCC_C_LANGUAGE_STANDARD = gnu99;
				GCC_DYNAMIC_NO_PIC = NO;
				GCC_OPTIMIZATION_LEVEL = 0;
				GCC_PREPROCESSOR_DEFINITIONS = (
					"DEBUG=1",
					"$(inherited)",
				);
				GCC_SYMBOLS_PRIVATE_EXTERN = NO;
				GCC_WARN_64_TO_32_BIT_CONVERSION = YES;
				GCC_WARN_ABOUT_RETURN_TYPE = YES_ERROR;
				GCC_WARN_UNDECLARED_SELECTOR = YES;
				GCC_WARN_UNINITIALIZED_AUTOS = YES_AGGRESSIVE;
				GCC_WARN_UNUSED_FUNCTION = YES;
				GCC_WARN_UNUSED_VARIABLE = YES;
				IPHONEOS_DEPLOYMENT_TARGET = 7.1;
				ONLY_ACTIVE_ARCH = YES;
				SDKROOT = iphoneos;
			};
			name = Debug;
		};
		9024B09A19460C610005EA0A /* Release */ = {
			isa = XCBuildConfiguration;
			buildSettings = {
				ALWAYS_SEARCH_USER_PATHS = NO;
				CLANG_CXX_LANGUAGE_STANDARD = "gnu++0x";
				CLANG_CXX_LIBRARY = "libc++";
				CLANG_ENABLE_MODULES = YES;
				CLANG_ENABLE_OBJC_ARC = YES;
				CLANG_WARN_BOOL_CONVERSION = YES;
				CLANG_WARN_CONSTANT_CONVERSION = YES;
				CLANG_WARN_DIRECT_OBJC_ISA_USAGE = YES_ERROR;
				CLANG_WARN_EMPTY_BODY = YES;
				CLANG_WARN_ENUM_CONVERSION = YES;
				CLANG_WARN_INT_CONVERSION = YES;
				CLANG_WARN_OBJC_ROOT_CLASS = YES_ERROR;
				CLANG_WARN__DUPLICATE_METHOD_MATCH = YES;
				"CODE_SIGN_IDENTITY[sdk=iphoneos*]" = "iPhone Developer";
				COPY_PHASE_STRIP = YES;
				ENABLE_NS_ASSERTIONS = NO;
				GCC_C_LANGUAGE_STANDARD = gnu99;
				GCC_WARN_64_TO_32_BIT_CONVERSION = YES;
				GCC_WARN_ABOUT_RETURN_TYPE = YES_ERROR;
				GCC_WARN_UNDECLARED_SELECTOR = YES;
				GCC_WARN_UNINITIALIZED_AUTOS = YES_AGGRESSIVE;
				GCC_WARN_UNUSED_FUNCTION = YES;
				GCC_WARN_UNUSED_VARIABLE = YES;
				IPHONEOS_DEPLOYMENT_TARGET = 7.1;
				SDKROOT = iphoneos;
				VALIDATE_PRODUCT = YES;
			};
			name = Release;
		};
		9024B09C19460C610005EA0A /* Debug */ = {
			isa = XCBuildConfiguration;
			buildSettings = {
				ASSETCATALOG_COMPILER_APPICON_NAME = AppIcon;
				ASSETCATALOG_COMPILER_LAUNCHIMAGE_NAME = LaunchImage;
				GCC_PRECOMPILE_PREFIX_HEADER = YES;
				GCC_PREFIX_HEADER = "Age of Laika/Age of Laika-Prefix.pch";
				INFOPLIST_FILE = "Age of Laika/Age of Laika-Info.plist";
				PRODUCT_NAME = "$(TARGET_NAME)";
				WRAPPER_EXTENSION = app;
			};
			name = Debug;
		};
		9024B09D19460C610005EA0A /* Release */ = {
			isa = XCBuildConfiguration;
			buildSettings = {
				ASSETCATALOG_COMPILER_APPICON_NAME = AppIcon;
				ASSETCATALOG_COMPILER_LAUNCHIMAGE_NAME = LaunchImage;
				GCC_PRECOMPILE_PREFIX_HEADER = YES;
				GCC_PREFIX_HEADER = "Age of Laika/Age of Laika-Prefix.pch";
				INFOPLIST_FILE = "Age of Laika/Age of Laika-Info.plist";
				PRODUCT_NAME = "$(TARGET_NAME)";
				WRAPPER_EXTENSION = app;
			};
			name = Release;
		};
		9024B09F19460C610005EA0A /* Debug */ = {
			isa = XCBuildConfiguration;
			buildSettings = {
				BUNDLE_LOADER = "$(BUILT_PRODUCTS_DIR)/Age of Laika.app/Age of Laika";
				FRAMEWORK_SEARCH_PATHS = (
					"$(SDKROOT)/Developer/Library/Frameworks",
					"$(inherited)",
					"$(DEVELOPER_FRAMEWORKS_DIR)",
				);
				GCC_PRECOMPILE_PREFIX_HEADER = YES;
				GCC_PREFIX_HEADER = "Age of Laika/Age of Laika-Prefix.pch";
				GCC_PREPROCESSOR_DEFINITIONS = (
					"DEBUG=1",
					"$(inherited)",
				);
				INFOPLIST_FILE = "Age of LaikaTests/Age of LaikaTests-Info.plist";
				PRODUCT_NAME = "$(TARGET_NAME)";
				TEST_HOST = "$(BUNDLE_LOADER)";
				WRAPPER_EXTENSION = xctest;
			};
			name = Debug;
		};
		9024B0A019460C610005EA0A /* Release */ = {
			isa = XCBuildConfiguration;
			buildSettings = {
				BUNDLE_LOADER = "$(BUILT_PRODUCTS_DIR)/Age of Laika.app/Age of Laika";
				FRAMEWORK_SEARCH_PATHS = (
					"$(SDKROOT)/Developer/Library/Frameworks",
					"$(inherited)",
					"$(DEVELOPER_FRAMEWORKS_DIR)",
				);
				GCC_PRECOMPILE_PREFIX_HEADER = YES;
				GCC_PREFIX_HEADER = "Age of Laika/Age of Laika-Prefix.pch";
				INFOPLIST_FILE = "Age of LaikaTests/Age of LaikaTests-Info.plist";
				PRODUCT_NAME = "$(TARGET_NAME)";
				TEST_HOST = "$(BUNDLE_LOADER)";
				WRAPPER_EXTENSION = xctest;
			};
			name = Release;
		};
/* End XCBuildConfiguration section */

/* Begin XCConfigurationList section */
		9024B06419460C610005EA0A /* Build configuration list for PBXProject "Age of Laika" */ = {
			isa = XCConfigurationList;
			buildConfigurations = (
				9024B09919460C610005EA0A /* Debug */,
				9024B09A19460C610005EA0A /* Release */,
			);
			defaultConfigurationIsVisible = 0;
			defaultConfigurationName = Release;
		};
		9024B09B19460C610005EA0A /* Build configuration list for PBXNativeTarget "Age of Laika" */ = {
			isa = XCConfigurationList;
			buildConfigurations = (
				9024B09C19460C610005EA0A /* Debug */,
				9024B09D19460C610005EA0A /* Release */,
			);
			defaultConfigurationIsVisible = 0;
		};
		9024B09E19460C610005EA0A /* Build configuration list for PBXNativeTarget "Age of LaikaTests" */ = {
			isa = XCConfigurationList;
			buildConfigurations = (
				9024B09F19460C610005EA0A /* Debug */,
				9024B0A019460C610005EA0A /* Release */,
			);
			defaultConfigurationIsVisible = 0;
		};
/* End XCConfigurationList section */
	};
	rootObject = 9024B06119460C610005EA0A /* Project object */;
}
